
Microsoft Visual Studio Solution File, Format Version 12.00
# Visual Studio Version 17
VisualStudioVersion = 17.10.35013.160
MinimumVisualStudioVersion = 10.0.40219.1
Project("{8BC9CEB8-8B4A-11D0-8D11-00A0C91BC942}") = "职工管理体系", "职工管理体系\职工管理体系.vcxproj", "{E913BBD4-AB3B-4DF6-AD0C-EB9609B2D432}"
EndProject
Global
	GlobalSection(SolutionConfigurationPlatforms) = preSolution
		Debug|x64 = Debug|x64
		Debug|x86 = Debug|x86
		Release|x64 = Release|x64
		Release|x86 = Release|x86
	EndGlobalSection
	GlobalSection(ProjectConfigurationPlatforms) = postSolution
		{E913BBD4-AB3B-4DF6-AD0C-EB9609B2D432}.Debug|x64.ActiveCfg = Debug|x64
		{E913BBD4-AB3B-4DF6-AD0C-EB9609B2D432}.Debug|x64.Build.0 = Debug|x64
		{E913BBD4-AB3B-4DF6-AD0C-EB9609B2D432}.Debug|x86.ActiveCfg = Debug|Win32
		{E913BBD4-AB3B-4DF6-AD0C-EB9609B2D432}.Debug|x86.Build.0 = Debug|Win32
		{E913BBD4-AB3B-4DF6-AD0C-EB9609B2D432}.Release|x64.ActiveCfg = Release|x64
		{E913BBD4-AB3B-4DF6-AD0C-EB9609B2D432}.Release|x64.Build.0 = Release|x64
		{E913BBD4-AB3B-4DF6-AD0C-EB9609B2D432}.Release|x86.ActiveCfg = Release|Win32
		{E913BBD4-AB3B-4DF6-AD0C-EB9609B2D432}.Release|x86.Build.0 = Release|Win32
	EndGlobalSection
	GlobalSection(SolutionProperties) = preSolution
		HideSolutionNode = FALSE
	EndGlobalSection
	GlobalSection(ExtensibilityGlobals) = postSolution
		SolutionGuid = {485E4A90-6229-4170-AA72-E6E40613CF00}
	EndGlobalSection
EndGlobal
